
Microsoft Visual Studio Solution File, Format Version 12.00
# Visual Studio Version 17
VisualStudioVersion = 17.12.35521.163
MinimumVisualStudioVersion = 10.0.40219.1
Project("{FAE04EC0-301F-11D3-BF4B-00C04F79EFBC}") = "Ass01OOP", "Ass01OOP\Ass01OOP.csproj", "{C0AF510D-60B3-4002-BA09-7A5C89FAE34E}"
EndProject
Project("{FAE04EC0-301F-11D3-BF4B-00C04F79EFBC}") = "Common", "Common\Common.csproj", "{E3EBAFF5-A9B8-4834-A6F5-E6082D46659D}"
EndProject
Project("{FAE04EC0-301F-11D3-BF4B-00C04F79EFBC}") = "Demo", "Demo\Demo.csproj", "{C3D3BD66-63ED-4235-AB7C-FD7ACE705DF3}"
EndProject
Global
	GlobalSection(SolutionConfigurationPlatforms) = preSolution
		Debug|Any CPU = Debug|Any CPU
		Release|Any CPU = Release|Any CPU
	EndGlobalSection
	GlobalSection(ProjectConfigurationPlatforms) = postSolution
		{C0AF510D-60B3-4002-BA09-7A5C89FAE34E}.Debug|Any CPU.ActiveCfg = Debug|Any CPU
		{C0AF510D-60B3-4002-BA09-7A5C89FAE34E}.Debug|Any CPU.Build.0 = Debug|Any CPU
		{C0AF510D-60B3-4002-BA09-7A5C89FAE34E}.Release|Any CPU.ActiveCfg = Release|Any CPU
		{C0AF510D-60B3-4002-BA09-7A5C89FAE34E}.Release|Any CPU.Build.0 = Release|Any CPU
		{E3EBAFF5-A9B8-4834-A6F5-E6082D46659D}.Debug|Any CPU.ActiveCfg = Debug|Any CPU
		{E3EBAFF5-A9B8-4834-A6F5-E6082D46659D}.Debug|Any CPU.Build.0 = Debug|Any CPU
		{E3EBAFF5-A9B8-4834-A6F5-E6082D46659D}.Release|Any CPU.ActiveCfg = Release|Any CPU
		{E3EBAFF5-A9B8-4834-A6F5-E6082D46659D}.Release|Any CPU.Build.0 = Release|Any CPU
		{C3D3BD66-63ED-4235-AB7C-FD7ACE705DF3}.Debug|Any CPU.ActiveCfg = Debug|Any CPU
		{C3D3BD66-63ED-4235-AB7C-FD7ACE705DF3}.Debug|Any CPU.Build.0 = Debug|Any CPU
		{C3D3BD66-63ED-4235-AB7C-FD7ACE705DF3}.Release|Any CPU.ActiveCfg = Release|Any CPU
		{C3D3BD66-63ED-4235-AB7C-FD7ACE705DF3}.Release|Any CPU.Build.0 = Release|Any CPU
	EndGlobalSection
	GlobalSection(SolutionProperties) = preSolution
		HideSolutionNode = FALSE
	EndGlobalSection
EndGlobal
